// !$*UTF8*$!
{
	archiveVersion = 1;
	classes = {
	};
	objectVersion = 46;
	objects = {

/* Begin PBXBuildFile section */
		5D2C2B981CCD847500E22C08 /* secrets.swift in Sources */ = {isa = PBXBuildFile; fileRef = 5D2C2B971CCD847500E22C08 /* secrets.swift */; };
		5D49B6051CCD480800F1E059 /* ForecastManager.swift in Sources */ = {isa = PBXBuildFile; fileRef = 5D49B6041CCD480800F1E059 /* ForecastManager.swift */; };
		5D7F6BC11CCD37C3005B1A6D /* AppDelegate.swift in Sources */ = {isa = PBXBuildFile; fileRef = 5D7F6BC01CCD37C3005B1A6D /* AppDelegate.swift */; };
		5D7F6BC31CCD37C3005B1A6D /* ViewController.swift in Sources */ = {isa = PBXBuildFile; fileRef = 5D7F6BC21CCD37C3005B1A6D /* ViewController.swift */; };
		5D7F6BC61CCD37C3005B1A6D /* Main.storyboard in Resources */ = {isa = PBXBuildFile; fileRef = 5D7F6BC41CCD37C3005B1A6D /* Main.storyboard */; };
		5D7F6BC81CCD37C3005B1A6D /* Assets.xcassets in Resources */ = {isa = PBXBuildFile; fileRef = 5D7F6BC71CCD37C3005B1A6D /* Assets.xcassets */; };
		5D7F6BCB1CCD37C3005B1A6D /* LaunchScreen.storyboard in Resources */ = {isa = PBXBuildFile; fileRef = 5D7F6BC91CCD37C3005B1A6D /* LaunchScreen.storyboard */; };
		5D7F6BD61CCD37C4005B1A6D /* shouldiridemybikeTests.swift in Sources */ = {isa = PBXBuildFile; fileRef = 5D7F6BD51CCD37C4005B1A6D /* shouldiridemybikeTests.swift */; };
		5D7F6BE11CCD37C4005B1A6D /* shouldiridemybikeUITests.swift in Sources */ = {isa = PBXBuildFile; fileRef = 5D7F6BE01CCD37C4005B1A6D /* shouldiridemybikeUITests.swift */; };
		5D7F6BE61CCD37C4005B1A6D /* shouldiridemybike WatchKit App.app in Embed Watch Content */ = {isa = PBXBuildFile; fileRef = 5D7F6BE51CCD37C4005B1A6D /* shouldiridemybike WatchKit App.app */; };
		5D7F6BEC1CCD37C4005B1A6D /* Interface.storyboard in Resources */ = {isa = PBXBuildFile; fileRef = 5D7F6BEA1CCD37C4005B1A6D /* Interface.storyboard */; };
		5D7F6BEE1CCD37C4005B1A6D /* Assets.xcassets in Resources */ = {isa = PBXBuildFile; fileRef = 5D7F6BED1CCD37C4005B1A6D /* Assets.xcassets */; };
		5D7F6BF51CCD37C4005B1A6D /* shouldiridemybike WatchKit Extension.appex in Embed App Extensions */ = {isa = PBXBuildFile; fileRef = 5D7F6BF41CCD37C4005B1A6D /* shouldiridemybike WatchKit Extension.appex */; settings = {ATTRIBUTES = (RemoveHeadersOnCopy, ); }; };
		5D7F6BFC1CCD37C4005B1A6D /* InterfaceController.swift in Sources */ = {isa = PBXBuildFile; fileRef = 5D7F6BFB1CCD37C4005B1A6D /* InterfaceController.swift */; };
		5D7F6BFE1CCD37C4005B1A6D /* ExtensionDelegate.swift in Sources */ = {isa = PBXBuildFile; fileRef = 5D7F6BFD1CCD37C4005B1A6D /* ExtensionDelegate.swift */; };
		5D7F6C001CCD37C4005B1A6D /* NotificationController.swift in Sources */ = {isa = PBXBuildFile; fileRef = 5D7F6BFF1CCD37C4005B1A6D /* NotificationController.swift */; };
		5D7F6C021CCD37C4005B1A6D /* GlanceController.swift in Sources */ = {isa = PBXBuildFile; fileRef = 5D7F6C011CCD37C4005B1A6D /* GlanceController.swift */; };
		5D7F6C041CCD37C4005B1A6D /* ComplicationController.swift in Sources */ = {isa = PBXBuildFile; fileRef = 5D7F6C031CCD37C4005B1A6D /* ComplicationController.swift */; };
		5D7F6C061CCD37C4005B1A6D /* Assets.xcassets in Resources */ = {isa = PBXBuildFile; fileRef = 5D7F6C051CCD37C4005B1A6D /* Assets.xcassets */; };
		5DA486AB1CD01AB400DA4D67 /* Location.swift in Sources */ = {isa = PBXBuildFile; fileRef = 5DA486AA1CD01AB400DA4D67 /* Location.swift */; };
		5DA486AD1CD01ACB00DA4D67 /* Forecast.swift in Sources */ = {isa = PBXBuildFile; fileRef = 5DA486AC1CD01ACB00DA4D67 /* Forecast.swift */; };
		5DA486AF1CD01B1200DA4D67 /* JSON.swift in Sources */ = {isa = PBXBuildFile; fileRef = 5DA486AE1CD01B1200DA4D67 /* JSON.swift */; };
		5DF2FE401CD228FB00247F6C /* Decision.swift in Sources */ = {isa = PBXBuildFile; fileRef = 5DF2FE3F1CD228FB00247F6C /* Decision.swift */; };
		5DF2FE431CD2296100247F6C /* DecisionMaker.swift in Sources */ = {isa = PBXBuildFile; fileRef = 5DF2FE421CD2296100247F6C /* DecisionMaker.swift */; };
		5DF2FE451CD2658D00247F6C /* State.swift in Sources */ = {isa = PBXBuildFile; fileRef = 5DF2FE441CD2658D00247F6C /* State.swift */; };
/* End PBXBuildFile section */

/* Begin PBXContainerItemProxy section */
		5D7F6BD21CCD37C4005B1A6D /* PBXContainerItemProxy */ = {
			isa = PBXContainerItemProxy;
			containerPortal = 5D7F6BB51CCD37C3005B1A6D /* Project object */;
			proxyType = 1;
			remoteGlobalIDString = 5D7F6BBC1CCD37C3005B1A6D;
			remoteInfo = shouldiridemybike;
		};
		5D7F6BDD1CCD37C4005B1A6D /* PBXContainerItemProxy */ = {
			isa = PBXContainerItemProxy;
			containerPortal = 5D7F6BB51CCD37C3005B1A6D /* Project object */;
			proxyType = 1;
			remoteGlobalIDString = 5D7F6BBC1CCD37C3005B1A6D;
			remoteInfo = shouldiridemybike;
		};
		5D7F6BE71CCD37C4005B1A6D /* PBXContainerItemProxy */ = {
			isa = PBXContainerItemProxy;
			containerPortal = 5D7F6BB51CCD37C3005B1A6D /* Project object */;
			proxyType = 1;
			remoteGlobalIDString = 5D7F6BE41CCD37C4005B1A6D;
			remoteInfo = "shouldiridemybike WatchKit App";
		};
		5D7F6BF61CCD37C4005B1A6D /* PBXContainerItemProxy */ = {
			isa = PBXContainerItemProxy;
			containerPortal = 5D7F6BB51CCD37C3005B1A6D /* Project object */;
			proxyType = 1;
			remoteGlobalIDString = 5D7F6BF31CCD37C4005B1A6D;
			remoteInfo = "shouldiridemybike WatchKit Extension";
		};
/* End PBXContainerItemProxy section */

/* Begin PBXCopyFilesBuildPhase section */
		5D7F6C0D1CCD37C4005B1A6D /* Embed App Extensions */ = {
			isa = PBXCopyFilesBuildPhase;
			buildActionMask = 2147483647;
			dstPath = "";
			dstSubfolderSpec = 13;
			files = (
				5D7F6BF51CCD37C4005B1A6D /* shouldiridemybike WatchKit Extension.appex in Embed App Extensions */,
			);
			name = "Embed App Extensions";
			runOnlyForDeploymentPostprocessing = 0;
		};
		5D7F6C111CCD37C4005B1A6D /* Embed Watch Content */ = {
			isa = PBXCopyFilesBuildPhase;
			buildActionMask = 2147483647;
			dstPath = "$(CONTENTS_FOLDER_PATH)/Watch";
			dstSubfolderSpec = 16;
			files = (
				5D7F6BE61CCD37C4005B1A6D /* shouldiridemybike WatchKit App.app in Embed Watch Content */,
			);
			name = "Embed Watch Content";
			runOnlyForDeploymentPostprocessing = 0;
		};
/* End PBXCopyFilesBuildPhase section */

/* Begin PBXFileReference section */
		5D2C2B971CCD847500E22C08 /* secrets.swift */ = {isa = PBXFileReference; fileEncoding = 4; lastKnownFileType = sourcecode.swift; path = secrets.swift; sourceTree = "<group>"; };
		5D49B6041CCD480800F1E059 /* ForecastManager.swift */ = {isa = PBXFileReference; fileEncoding = 4; lastKnownFileType = sourcecode.swift; path = ForecastManager.swift; sourceTree = "<group>"; };
		5D7F6BBD1CCD37C3005B1A6D /* shouldiridemybike.app */ = {isa = PBXFileReference; explicitFileType = wrapper.application; includeInIndex = 0; path = shouldiridemybike.app; sourceTree = BUILT_PRODUCTS_DIR; };
		5D7F6BC01CCD37C3005B1A6D /* AppDelegate.swift */ = {isa = PBXFileReference; lastKnownFileType = sourcecode.swift; path = AppDelegate.swift; sourceTree = "<group>"; };
		5D7F6BC21CCD37C3005B1A6D /* ViewController.swift */ = {isa = PBXFileReference; lastKnownFileType = sourcecode.swift; path = ViewController.swift; sourceTree = "<group>"; };
		5D7F6BC51CCD37C3005B1A6D /* Base */ = {isa = PBXFileReference; lastKnownFileType = file.storyboard; name = Base; path = Base.lproj/Main.storyboard; sourceTree = "<group>"; };
		5D7F6BC71CCD37C3005B1A6D /* Assets.xcassets */ = {isa = PBXFileReference; lastKnownFileType = folder.assetcatalog; path = Assets.xcassets; sourceTree = "<group>"; };
		5D7F6BCA1CCD37C3005B1A6D /* Base */ = {isa = PBXFileReference; lastKnownFileType = file.storyboard; name = Base; path = Base.lproj/LaunchScreen.storyboard; sourceTree = "<group>"; };
		5D7F6BCC1CCD37C3005B1A6D /* Info.plist */ = {isa = PBXFileReference; lastKnownFileType = text.plist.xml; path = Info.plist; sourceTree = "<group>"; };
		5D7F6BD11CCD37C4005B1A6D /* shouldiridemybikeTests.xctest */ = {isa = PBXFileReference; explicitFileType = wrapper.cfbundle; includeInIndex = 0; path = shouldiridemybikeTests.xctest; sourceTree = BUILT_PRODUCTS_DIR; };
		5D7F6BD51CCD37C4005B1A6D /* shouldiridemybikeTests.swift */ = {isa = PBXFileReference; lastKnownFileType = sourcecode.swift; path = shouldiridemybikeTests.swift; sourceTree = "<group>"; };
		5D7F6BD71CCD37C4005B1A6D /* Info.plist */ = {isa = PBXFileReference; lastKnownFileType = text.plist.xml; path = Info.plist; sourceTree = "<group>"; };
		5D7F6BDC1CCD37C4005B1A6D /* shouldiridemybikeUITests.xctest */ = {isa = PBXFileReference; explicitFileType = wrapper.cfbundle; includeInIndex = 0; path = shouldiridemybikeUITests.xctest; sourceTree = BUILT_PRODUCTS_DIR; };
		5D7F6BE01CCD37C4005B1A6D /* shouldiridemybikeUITests.swift */ = {isa = PBXFileReference; lastKnownFileType = sourcecode.swift; path = shouldiridemybikeUITests.swift; sourceTree = "<group>"; };
		5D7F6BE21CCD37C4005B1A6D /* Info.plist */ = {isa = PBXFileReference; lastKnownFileType = text.plist.xml; path = Info.plist; sourceTree = "<group>"; };
		5D7F6BE51CCD37C4005B1A6D /* shouldiridemybike WatchKit App.app */ = {isa = PBXFileReference; explicitFileType = wrapper.application; includeInIndex = 0; path = "shouldiridemybike WatchKit App.app"; sourceTree = BUILT_PRODUCTS_DIR; };
		5D7F6BEB1CCD37C4005B1A6D /* Base */ = {isa = PBXFileReference; lastKnownFileType = file.storyboard; name = Base; path = Base.lproj/Interface.storyboard; sourceTree = "<group>"; };
		5D7F6BED1CCD37C4005B1A6D /* Assets.xcassets */ = {isa = PBXFileReference; lastKnownFileType = folder.assetcatalog; path = Assets.xcassets; sourceTree = "<group>"; };
		5D7F6BEF1CCD37C4005B1A6D /* Info.plist */ = {isa = PBXFileReference; lastKnownFileType = text.plist.xml; path = Info.plist; sourceTree = "<group>"; };
		5D7F6BF41CCD37C4005B1A6D /* shouldiridemybike WatchKit Extension.appex */ = {isa = PBXFileReference; explicitFileType = "wrapper.app-extension"; includeInIndex = 0; path = "shouldiridemybike WatchKit Extension.appex"; sourceTree = BUILT_PRODUCTS_DIR; };
		5D7F6BFA1CCD37C4005B1A6D /* PushNotificationPayload.apns */ = {isa = PBXFileReference; lastKnownFileType = text; path = PushNotificationPayload.apns; sourceTree = "<group>"; };
		5D7F6BFB1CCD37C4005B1A6D /* InterfaceController.swift */ = {isa = PBXFileReference; lastKnownFileType = sourcecode.swift; path = InterfaceController.swift; sourceTree = "<group>"; };
		5D7F6BFD1CCD37C4005B1A6D /* ExtensionDelegate.swift */ = {isa = PBXFileReference; lastKnownFileType = sourcecode.swift; path = ExtensionDelegate.swift; sourceTree = "<group>"; };
		5D7F6BFF1CCD37C4005B1A6D /* NotificationController.swift */ = {isa = PBXFileReference; lastKnownFileType = sourcecode.swift; path = NotificationController.swift; sourceTree = "<group>"; };
		5D7F6C011CCD37C4005B1A6D /* GlanceController.swift */ = {isa = PBXFileReference; lastKnownFileType = sourcecode.swift; path = GlanceController.swift; sourceTree = "<group>"; };
		5D7F6C031CCD37C4005B1A6D /* ComplicationController.swift */ = {isa = PBXFileReference; lastKnownFileType = sourcecode.swift; path = ComplicationController.swift; sourceTree = "<group>"; };
		5D7F6C051CCD37C4005B1A6D /* Assets.xcassets */ = {isa = PBXFileReference; lastKnownFileType = folder.assetcatalog; path = Assets.xcassets; sourceTree = "<group>"; };
		5D7F6C071CCD37C4005B1A6D /* Info.plist */ = {isa = PBXFileReference; lastKnownFileType = text.plist.xml; path = Info.plist; sourceTree = "<group>"; };
		5DA486AA1CD01AB400DA4D67 /* Location.swift */ = {isa = PBXFileReference; fileEncoding = 4; lastKnownFileType = sourcecode.swift; path = Location.swift; sourceTree = "<group>"; };
		5DA486AC1CD01ACB00DA4D67 /* Forecast.swift */ = {isa = PBXFileReference; fileEncoding = 4; lastKnownFileType = sourcecode.swift; path = Forecast.swift; sourceTree = "<group>"; };
		5DA486AE1CD01B1200DA4D67 /* JSON.swift */ = {isa = PBXFileReference; fileEncoding = 4; lastKnownFileType = sourcecode.swift; path = JSON.swift; sourceTree = "<group>"; };
		5DF2FE3F1CD228FB00247F6C /* Decision.swift */ = {isa = PBXFileReference; fileEncoding = 4; lastKnownFileType = sourcecode.swift; path = Decision.swift; sourceTree = "<group>"; };
		5DF2FE421CD2296100247F6C /* DecisionMaker.swift */ = {isa = PBXFileReference; fileEncoding = 4; lastKnownFileType = sourcecode.swift; path = DecisionMaker.swift; sourceTree = "<group>"; };
		5DF2FE441CD2658D00247F6C /* State.swift */ = {isa = PBXFileReference; fileEncoding = 4; lastKnownFileType = sourcecode.swift; path = State.swift; sourceTree = "<group>"; };
/* End PBXFileReference section */

/* Begin PBXFrameworksBuildPhase section */
		5D7F6BBA1CCD37C3005B1A6D /* Frameworks */ = {
			isa = PBXFrameworksBuildPhase;
			buildActionMask = 2147483647;
			files = (
			);
			runOnlyForDeploymentPostprocessing = 0;
		};
		5D7F6BCE1CCD37C4005B1A6D /* Frameworks */ = {
			isa = PBXFrameworksBuildPhase;
			buildActionMask = 2147483647;
			files = (
			);
			runOnlyForDeploymentPostprocessing = 0;
		};
		5D7F6BD91CCD37C4005B1A6D /* Frameworks */ = {
			isa = PBXFrameworksBuildPhase;
			buildActionMask = 2147483647;
			files = (
			);
			runOnlyForDeploymentPostprocessing = 0;
		};
		5D7F6BF11CCD37C4005B1A6D /* Frameworks */ = {
			isa = PBXFrameworksBuildPhase;
			buildActionMask = 2147483647;
			files = (
			);
			runOnlyForDeploymentPostprocessing = 0;
		};
/* End PBXFrameworksBuildPhase section */

/* Begin PBXGroup section */
		5D7F6BB41CCD37C3005B1A6D = {
			isa = PBXGroup;
			children = (
				5D7F6BBF1CCD37C3005B1A6D /* shouldiridemybike */,
				5D7F6BD41CCD37C4005B1A6D /* shouldiridemybikeTests */,
				5D7F6BDF1CCD37C4005B1A6D /* shouldiridemybikeUITests */,
				5D7F6BE91CCD37C4005B1A6D /* shouldiridemybike WatchKit App */,
				5D7F6BF81CCD37C4005B1A6D /* shouldiridemybike WatchKit Extension */,
				5D7F6BBE1CCD37C3005B1A6D /* Products */,
			);
			sourceTree = "<group>";
		};
		5D7F6BBE1CCD37C3005B1A6D /* Products */ = {
			isa = PBXGroup;
			children = (
				5D7F6BBD1CCD37C3005B1A6D /* shouldiridemybike.app */,
				5D7F6BD11CCD37C4005B1A6D /* shouldiridemybikeTests.xctest */,
				5D7F6BDC1CCD37C4005B1A6D /* shouldiridemybikeUITests.xctest */,
				5D7F6BE51CCD37C4005B1A6D /* shouldiridemybike WatchKit App.app */,
				5D7F6BF41CCD37C4005B1A6D /* shouldiridemybike WatchKit Extension.appex */,
			);
			name = Products;
			sourceTree = "<group>";
		};
		5D7F6BBF1CCD37C3005B1A6D /* shouldiridemybike */ = {
			isa = PBXGroup;
			children = (
				5D7F6BC01CCD37C3005B1A6D /* AppDelegate.swift */,
				5D7F6BC21CCD37C3005B1A6D /* ViewController.swift */,
				5D49B6041CCD480800F1E059 /* ForecastManager.swift */,
				5DF2FE441CD2658D00247F6C /* State.swift */,
				5DA486AA1CD01AB400DA4D67 /* Location.swift */,
				5DA486AC1CD01ACB00DA4D67 /* Forecast.swift */,
				5DF2FE3F1CD228FB00247F6C /* Decision.swift */,
				5DF2FE421CD2296100247F6C /* DecisionMaker.swift */,
				5DA486AE1CD01B1200DA4D67 /* JSON.swift */,
				5D2C2B971CCD847500E22C08 /* secrets.swift */,
				5D7F6BC41CCD37C3005B1A6D /* Main.storyboard */,
				5D7F6BC71CCD37C3005B1A6D /* Assets.xcassets */,
				5D7F6BC91CCD37C3005B1A6D /* LaunchScreen.storyboard */,
				5D7F6BCC1CCD37C3005B1A6D /* Info.plist */,
			);
			path = shouldiridemybike;
			sourceTree = "<group>";
		};
		5D7F6BD41CCD37C4005B1A6D /* shouldiridemybikeTests */ = {
			isa = PBXGroup;
			children = (
				5D7F6BD51CCD37C4005B1A6D /* shouldiridemybikeTests.swift */,
				5D7F6BD71CCD37C4005B1A6D /* Info.plist */,
			);
			path = shouldiridemybikeTests;
			sourceTree = "<group>";
		};
		5D7F6BDF1CCD37C4005B1A6D /* shouldiridemybikeUITests */ = {
			isa = PBXGroup;
			children = (
				5D7F6BE01CCD37C4005B1A6D /* shouldiridemybikeUITests.swift */,
				5D7F6BE21CCD37C4005B1A6D /* Info.plist */,
			);
			path = shouldiridemybikeUITests;
			sourceTree = "<group>";
		};
		5D7F6BE91CCD37C4005B1A6D /* shouldiridemybike WatchKit App */ = {
			isa = PBXGroup;
			children = (
				5D7F6BEA1CCD37C4005B1A6D /* Interface.storyboard */,
				5D7F6BED1CCD37C4005B1A6D /* Assets.xcassets */,
				5D7F6BEF1CCD37C4005B1A6D /* Info.plist */,
			);
			path = "shouldiridemybike WatchKit App";
			sourceTree = "<group>";
		};
		5D7F6BF81CCD37C4005B1A6D /* shouldiridemybike WatchKit Extension */ = {
			isa = PBXGroup;
			children = (
				5D7F6BFB1CCD37C4005B1A6D /* InterfaceController.swift */,
				5D7F6BFD1CCD37C4005B1A6D /* ExtensionDelegate.swift */,
				5D7F6BFF1CCD37C4005B1A6D /* NotificationController.swift */,
				5D7F6C011CCD37C4005B1A6D /* GlanceController.swift */,
				5D7F6C031CCD37C4005B1A6D /* ComplicationController.swift */,
				5D7F6C051CCD37C4005B1A6D /* Assets.xcassets */,
				5D7F6C071CCD37C4005B1A6D /* Info.plist */,
				5D7F6BF91CCD37C4005B1A6D /* Supporting Files */,
			);
			path = "shouldiridemybike WatchKit Extension";
			sourceTree = "<group>";
		};
		5D7F6BF91CCD37C4005B1A6D /* Supporting Files */ = {
			isa = PBXGroup;
			children = (
				5D7F6BFA1CCD37C4005B1A6D /* PushNotificationPayload.apns */,
			);
			name = "Supporting Files";
			sourceTree = "<group>";
		};
/* End PBXGroup section */

/* Begin PBXNativeTarget section */
		5D7F6BBC1CCD37C3005B1A6D /* shouldiridemybike */ = {
			isa = PBXNativeTarget;
			buildConfigurationList = 5D7F6C121CCD37C4005B1A6D /* Build configuration list for PBXNativeTarget "shouldiridemybike" */;
			buildPhases = (
				5D7F6BB91CCD37C3005B1A6D /* Sources */,
				5D7F6BBA1CCD37C3005B1A6D /* Frameworks */,
				5D7F6BBB1CCD37C3005B1A6D /* Resources */,
				5D7F6C111CCD37C4005B1A6D /* Embed Watch Content */,
			);
			buildRules = (
			);
			dependencies = (
				5D7F6BE81CCD37C4005B1A6D /* PBXTargetDependency */,
			);
			name = shouldiridemybike;
			productName = shouldiridemybike;
			productReference = 5D7F6BBD1CCD37C3005B1A6D /* shouldiridemybike.app */;
			productType = "com.apple.product-type.application";
		};
		5D7F6BD01CCD37C4005B1A6D /* shouldiridemybikeTests */ = {
			isa = PBXNativeTarget;
			buildConfigurationList = 5D7F6C151CCD37C4005B1A6D /* Build configuration list for PBXNativeTarget "shouldiridemybikeTests" */;
			buildPhases = (
				5D7F6BCD1CCD37C4005B1A6D /* Sources */,
				5D7F6BCE1CCD37C4005B1A6D /* Frameworks */,
				5D7F6BCF1CCD37C4005B1A6D /* Resources */,
			);
			buildRules = (
			);
			dependencies = (
				5D7F6BD31CCD37C4005B1A6D /* PBXTargetDependency */,
			);
			name = shouldiridemybikeTests;
			productName = shouldiridemybikeTests;
			productReference = 5D7F6BD11CCD37C4005B1A6D /* shouldiridemybikeTests.xctest */;
			productType = "com.apple.product-type.bundle.unit-test";
		};
		5D7F6BDB1CCD37C4005B1A6D /* shouldiridemybikeUITests */ = {
			isa = PBXNativeTarget;
			buildConfigurationList = 5D7F6C181CCD37C4005B1A6D /* Build configuration list for PBXNativeTarget "shouldiridemybikeUITests" */;
			buildPhases = (
				5D7F6BD81CCD37C4005B1A6D /* Sources */,
				5D7F6BD91CCD37C4005B1A6D /* Frameworks */,
				5D7F6BDA1CCD37C4005B1A6D /* Resources */,
			);
			buildRules = (
			);
			dependencies = (
				5D7F6BDE1CCD37C4005B1A6D /* PBXTargetDependency */,
			);
			name = shouldiridemybikeUITests;
			productName = shouldiridemybikeUITests;
			productReference = 5D7F6BDC1CCD37C4005B1A6D /* shouldiridemybikeUITests.xctest */;
			productType = "com.apple.product-type.bundle.ui-testing";
		};
		5D7F6BE41CCD37C4005B1A6D /* shouldiridemybike WatchKit App */ = {
			isa = PBXNativeTarget;
			buildConfigurationList = 5D7F6C0E1CCD37C4005B1A6D /* Build configuration list for PBXNativeTarget "shouldiridemybike WatchKit App" */;
			buildPhases = (
				5D7F6BE31CCD37C4005B1A6D /* Resources */,
				5D7F6C0D1CCD37C4005B1A6D /* Embed App Extensions */,
			);
			buildRules = (
			);
			dependencies = (
				5D7F6BF71CCD37C4005B1A6D /* PBXTargetDependency */,
			);
			name = "shouldiridemybike WatchKit App";
			productName = "shouldiridemybike WatchKit App";
			productReference = 5D7F6BE51CCD37C4005B1A6D /* shouldiridemybike WatchKit App.app */;
			productType = "com.apple.product-type.application.watchapp2";
		};
		5D7F6BF31CCD37C4005B1A6D /* shouldiridemybike WatchKit Extension */ = {
			isa = PBXNativeTarget;
			buildConfigurationList = 5D7F6C0A1CCD37C4005B1A6D /* Build configuration list for PBXNativeTarget "shouldiridemybike WatchKit Extension" */;
			buildPhases = (
				5D7F6BF01CCD37C4005B1A6D /* Sources */,
				5D7F6BF11CCD37C4005B1A6D /* Frameworks */,
				5D7F6BF21CCD37C4005B1A6D /* Resources */,
			);
			buildRules = (
			);
			dependencies = (
			);
			name = "shouldiridemybike WatchKit Extension";
			productName = "shouldiridemybike WatchKit Extension";
			productReference = 5D7F6BF41CCD37C4005B1A6D /* shouldiridemybike WatchKit Extension.appex */;
			productType = "com.apple.product-type.watchkit2-extension";
		};
/* End PBXNativeTarget section */

/* Begin PBXProject section */
		5D7F6BB51CCD37C3005B1A6D /* Project object */ = {
			isa = PBXProject;
			attributes = {
				LastSwiftUpdateCheck = 0730;
				LastUpgradeCheck = 0730;
				ORGANIZATIONNAME = "Dominique d'Argent";
				TargetAttributes = {
					5D7F6BBC1CCD37C3005B1A6D = {
						CreatedOnToolsVersion = 7.3.1;
						DevelopmentTeam = XVUK6N59H6;
					};
					5D7F6BD01CCD37C4005B1A6D = {
						CreatedOnToolsVersion = 7.3.1;
						TestTargetID = 5D7F6BBC1CCD37C3005B1A6D;
					};
					5D7F6BDB1CCD37C4005B1A6D = {
						CreatedOnToolsVersion = 7.3.1;
						TestTargetID = 5D7F6BBC1CCD37C3005B1A6D;
					};
					5D7F6BE41CCD37C4005B1A6D = {
						CreatedOnToolsVersion = 7.3.1;
						DevelopmentTeam = XVUK6N59H6;
					};
					5D7F6BF31CCD37C4005B1A6D = {
						CreatedOnToolsVersion = 7.3.1;
						DevelopmentTeam = XVUK6N59H6;
					};
				};
			};
			buildConfigurationList = 5D7F6BB81CCD37C3005B1A6D /* Build configuration list for PBXProject "shouldiridemybike" */;
			compatibilityVersion = "Xcode 3.2";
			developmentRegion = English;
			hasScannedForEncodings = 0;
			knownRegions = (
				en,
				Base,
			);
			mainGroup = 5D7F6BB41CCD37C3005B1A6D;
			productRefGroup = 5D7F6BBE1CCD37C3005B1A6D /* Products */;
			projectDirPath = "";
			projectRoot = "";
			targets = (
				5D7F6BBC1CCD37C3005B1A6D /* shouldiridemybike */,
				5D7F6BD01CCD37C4005B1A6D /* shouldiridemybikeTests */,
				5D7F6BDB1CCD37C4005B1A6D /* shouldiridemybikeUITests */,
				5D7F6BE41CCD37C4005B1A6D /* shouldiridemybike WatchKit App */,
				5D7F6BF31CCD37C4005B1A6D /* shouldiridemybike WatchKit Extension */,
			);
		};
/* End PBXProject section */

/* Begin PBXResourcesBuildPhase section */
		5D7F6BBB1CCD37C3005B1A6D /* Resources */ = {
			isa = PBXResourcesBuildPhase;
			buildActionMask = 2147483647;
			files = (
				5D7F6BCB1CCD37C3005B1A6D /* LaunchScreen.storyboard in Resources */,
				5D7F6BC81CCD37C3005B1A6D /* Assets.xcassets in Resources */,
				5D7F6BC61CCD37C3005B1A6D /* Main.storyboard in Resources */,
			);
			runOnlyForDeploymentPostprocessing = 0;
		};
		5D7F6BCF1CCD37C4005B1A6D /* Resources */ = {
			isa = PBXResourcesBuildPhase;
			buildActionMask = 2147483647;
			files = (
			);
			runOnlyForDeploymentPostprocessing = 0;
		};
		5D7F6BDA1CCD37C4005B1A6D /* Resources */ = {
			isa = PBXResourcesBuildPhase;
			buildActionMask = 2147483647;
			files = (
			);
			runOnlyForDeploymentPostprocessing = 0;
		};
		5D7F6BE31CCD37C4005B1A6D /* Resources */ = {
			isa = PBXResourcesBuildPhase;
			buildActionMask = 2147483647;
			files = (
				5D7F6BEE1CCD37C4005B1A6D /* Assets.xcassets in Resources */,
				5D7F6BEC1CCD37C4005B1A6D /* Interface.storyboard in Resources */,
			);
			runOnlyForDeploymentPostprocessing = 0;
		};
		5D7F6BF21CCD37C4005B1A6D /* Resources */ = {
			isa = PBXResourcesBuildPhase;
			buildActionMask = 2147483647;
			files = (
				5D7F6C061CCD37C4005B1A6D /* Assets.xcassets in Resources */,
			);
			runOnlyForDeploymentPostprocessing = 0;
		};
/* End PBXResourcesBuildPhase section */

/* Begin PBXSourcesBuildPhase section */
		5D7F6BB91CCD37C3005B1A6D /* Sources */ = {
			isa = PBXSourcesBuildPhase;
			buildActionMask = 2147483647;
			files = (
				5D49B6051CCD480800F1E059 /* ForecastManager.swift in Sources */,
				5DF2FE431CD2296100247F6C /* DecisionMaker.swift in Sources */,
				5DA486AF1CD01B1200DA4D67 /* JSON.swift in Sources */,
				5DF2FE451CD2658D00247F6C /* State.swift in Sources */,
				5D2C2B981CCD847500E22C08 /* secrets.swift in Sources */,
				5DA486AB1CD01AB400DA4D67 /* Location.swift in Sources */,
				5D7F6BC31CCD37C3005B1A6D /* ViewController.swift in Sources */,
				5DA486AD1CD01ACB00DA4D67 /* Forecast.swift in Sources */,
				5D7F6BC11CCD37C3005B1A6D /* AppDelegate.swift in Sources */,
				5DF2FE401CD228FB00247F6C /* Decision.swift in Sources */,
			);
			runOnlyForDeploymentPostprocessing = 0;
		};
		5D7F6BCD1CCD37C4005B1A6D /* Sources */ = {
			isa = PBXSourcesBuildPhase;
			buildActionMask = 2147483647;
			files = (
				5D7F6BD61CCD37C4005B1A6D /* shouldiridemybikeTests.swift in Sources */,
			);
			runOnlyForDeploymentPostprocessing = 0;
		};
		5D7F6BD81CCD37C4005B1A6D /* Sources */ = {
			isa = PBXSourcesBuildPhase;
			buildActionMask = 2147483647;
			files = (
				5D7F6BE11CCD37C4005B1A6D /* shouldiridemybikeUITests.swift in Sources */,
			);
			runOnlyForDeploymentPostprocessing = 0;
		};
		5D7F6BF01CCD37C4005B1A6D /* Sources */ = {
			isa = PBXSourcesBuildPhase;
			buildActionMask = 2147483647;
			files = (
				5D7F6C001CCD37C4005B1A6D /* NotificationController.swift in Sources */,
				5D7F6BFE1CCD37C4005B1A6D /* ExtensionDelegate.swift in Sources */,
				5D7F6C041CCD37C4005B1A6D /* ComplicationController.swift in Sources */,
				5D7F6BFC1CCD37C4005B1A6D /* InterfaceController.swift in Sources */,
				5D7F6C021CCD37C4005B1A6D /* GlanceController.swift in Sources */,
			);
			runOnlyForDeploymentPostprocessing = 0;
		};
/* End PBXSourcesBuildPhase section */

/* Begin PBXTargetDependency section */
		5D7F6BD31CCD37C4005B1A6D /* PBXTargetDependency */ = {
			isa = PBXTargetDependency;
			target = 5D7F6BBC1CCD37C3005B1A6D /* shouldiridemybike */;
			targetProxy = 5D7F6BD21CCD37C4005B1A6D /* PBXContainerItemProxy */;
		};
		5D7F6BDE1CCD37C4005B1A6D /* PBXTargetDependency */ = {
			isa = PBXTargetDependency;
			target = 5D7F6BBC1CCD37C3005B1A6D /* shouldiridemybike */;
			targetProxy = 5D7F6BDD1CCD37C4005B1A6D /* PBXContainerItemProxy */;
		};
		5D7F6BE81CCD37C4005B1A6D /* PBXTargetDependency */ = {
			isa = PBXTargetDependency;
			target = 5D7F6BE41CCD37C4005B1A6D /* shouldiridemybike WatchKit App */;
			targetProxy = 5D7F6BE71CCD37C4005B1A6D /* PBXContainerItemProxy */;
		};
		5D7F6BF71CCD37C4005B1A6D /* PBXTargetDependency */ = {
			isa = PBXTargetDependency;
			target = 5D7F6BF31CCD37C4005B1A6D /* shouldiridemybike WatchKit Extension */;
			targetProxy = 5D7F6BF61CCD37C4005B1A6D /* PBXContainerItemProxy */;
		};
/* End PBXTargetDependency section */

/* Begin PBXVariantGroup section */
		5D7F6BC41CCD37C3005B1A6D /* Main.storyboard */ = {
			isa = PBXVariantGroup;
			children = (
				5D7F6BC51CCD37C3005B1A6D /* Base */,
			);
			name = Main.storyboard;
			sourceTree = "<group>";
		};
		5D7F6BC91CCD37C3005B1A6D /* LaunchScreen.storyboard */ = {
			isa = PBXVariantGroup;
			children = (
				5D7F6BCA1CCD37C3005B1A6D /* Base */,
			);
			name = LaunchScreen.storyboard;
			sourceTree = "<group>";
		};
		5D7F6BEA1CCD37C4005B1A6D /* Interface.storyboard */ = {
			isa = PBXVariantGroup;
			children = (
				5D7F6BEB1CCD37C4005B1A6D /* Base */,
			);
			name = Interface.storyboard;
			sourceTree = "<group>";
		};
/* End PBXVariantGroup section */

/* Begin XCBuildConfiguration section */
		5D7F6C081CCD37C4005B1A6D /* Debug */ = {
			isa = XCBuildConfiguration;
			buildSettings = {
				ALWAYS_SEARCH_USER_PATHS = NO;
				CLANG_ANALYZER_NONNULL = YES;
				CLANG_CXX_LANGUAGE_STANDARD = "gnu++0x";
				CLANG_CXX_LIBRARY = "libc++";
				CLANG_ENABLE_MODULES = YES;
				CLANG_ENABLE_OBJC_ARC = YES;
				CLANG_WARN_BOOL_CONVERSION = YES;
				CLANG_WARN_CONSTANT_CONVERSION = YES;
				CLANG_WARN_DIRECT_OBJC_ISA_USAGE = YES_ERROR;
				CLANG_WARN_EMPTY_BODY = YES;
				CLANG_WARN_ENUM_CONVERSION = YES;
				CLANG_WARN_INT_CONVERSION = YES;
				CLANG_WARN_OBJC_ROOT_CLASS = YES_ERROR;
				CLANG_WARN_UNREACHABLE_CODE = YES;
				CLANG_WARN__DUPLICATE_METHOD_MATCH = YES;
				"CODE_SIGN_IDENTITY[sdk=iphoneos*]" = "iPhone Developer";
				COPY_PHASE_STRIP = NO;
				DEBUG_INFORMATION_FORMAT = dwarf;
				ENABLE_STRICT_OBJC_MSGSEND = YES;
				ENABLE_TESTABILITY = YES;
				GCC_C_LANGUAGE_STANDARD = gnu99;
				GCC_DYNAMIC_NO_PIC = NO;
				GCC_NO_COMMON_BLOCKS = YES;
				GCC_OPTIMIZATION_LEVEL = 0;
				GCC_PREPROCESSOR_DEFINITIONS = (
					"DEBUG=1",
					"$(inherited)",
				);
				GCC_WARN_64_TO_32_BIT_CONVERSION = YES;
				GCC_WARN_ABOUT_RETURN_TYPE = YES_ERROR;
				GCC_WARN_UNDECLARED_SELECTOR = YES;
				GCC_WARN_UNINITIALIZED_AUTOS = YES_AGGRESSIVE;
				GCC_WARN_UNUSED_FUNCTION = YES;
				GCC_WARN_UNUSED_VARIABLE = YES;
				IPHONEOS_DEPLOYMENT_TARGET = 9.3;
				MTL_ENABLE_DEBUG_INFO = YES;
				ONLY_ACTIVE_ARCH = YES;
				SDKROOT = iphoneos;
				SWIFT_OPTIMIZATION_LEVEL = "-Onone";
				TARGETED_DEVICE_FAMILY = "1,2";
			};
			name = Debug;
		};
		5D7F6C091CCD37C4005B1A6D /* Release */ = {
			isa = XCBuildConfiguration;
			buildSettings = {
				ALWAYS_SEARCH_USER_PATHS = NO;
				CLANG_ANALYZER_NONNULL = YES;
				CLANG_CXX_LANGUAGE_STANDARD = "gnu++0x";
				CLANG_CXX_LIBRARY = "libc++";
				CLANG_ENABLE_MODULES = YES;
				CLANG_ENABLE_OBJC_ARC = YES;
				CLANG_WARN_BOOL_CONVERSION = YES;
				CLANG_WARN_CONSTANT_CONVERSION = YES;
				CLANG_WARN_DIRECT_OBJC_ISA_USAGE = YES_ERROR;
				CLANG_WARN_EMPTY_BODY = YES;
				CLANG_WARN_ENUM_CONVERSION = YES;
				CLANG_WARN_INT_CONVERSION = YES;
				CLANG_WARN_OBJC_ROOT_CLASS = YES_ERROR;
				CLANG_WARN_UNREACHABLE_CODE = YES;
				CLANG_WARN__DUPLICATE_METHOD_MATCH = YES;
				"CODE_SIGN_IDENTITY[sdk=iphoneos*]" = "iPhone Developer";
				COPY_PHASE_STRIP = NO;
				DEBUG_INFORMATION_FORMAT = "dwarf-with-dsym";
				ENABLE_NS_ASSERTIONS = NO;
				ENABLE_STRICT_OBJC_MSGSEND = YES;
				GCC_C_LANGUAGE_STANDARD = gnu99;
				GCC_NO_COMMON_BLOCKS = YES;
				GCC_WARN_64_TO_32_BIT_CONVERSION = YES;
				GCC_WARN_ABOUT_RETURN_TYPE = YES_ERROR;
				GCC_WARN_UNDECLARED_SELECTOR = YES;
				GCC_WARN_UNINITIALIZED_AUTOS = YES_AGGRESSIVE;
				GCC_WARN_UNUSED_FUNCTION = YES;
				GCC_WARN_UNUSED_VARIABLE = YES;
				IPHONEOS_DEPLOYMENT_TARGET = 9.3;
				MTL_ENABLE_DEBUG_INFO = NO;
				SDKROOT = iphoneos;
				TARGETED_DEVICE_FAMILY = "1,2";
				VALIDATE_PRODUCT = YES;
			};
			name = Release;
		};
		5D7F6C0B1CCD37C4005B1A6D /* Debug */ = {
			isa = XCBuildConfiguration;
			buildSettings = {
				ASSETCATALOG_COMPILER_COMPLICATION_NAME = Complication;
				CODE_SIGN_IDENTITY = "iPhone Developer";
				INFOPLIST_FILE = "shouldiridemybike WatchKit Extension/Info.plist";
				LD_RUNPATH_SEARCH_PATHS = "$(inherited) @executable_path/Frameworks @executable_path/../../Frameworks";
				PRODUCT_BUNDLE_IDENTIFIER = de.dargent.shouldiridemybike.watchkitapp.watchkitextension;
				PRODUCT_NAME = "${TARGET_NAME}";
				SDKROOT = watchos;
				SKIP_INSTALL = YES;
				TARGETED_DEVICE_FAMILY = 4;
				WATCHOS_DEPLOYMENT_TARGET = 2.2;
			};
			name = Debug;
		};
		5D7F6C0C1CCD37C4005B1A6D /* Release */ = {
			isa = XCBuildConfiguration;
			buildSettings = {
				ASSETCATALOG_COMPILER_COMPLICATION_NAME = Complication;
				CODE_SIGN_IDENTITY = "iPhone Developer";
				INFOPLIST_FILE = "shouldiridemybike WatchKit Extension/Info.plist";
				LD_RUNPATH_SEARCH_PATHS = "$(inherited) @executable_path/Frameworks @executable_path/../../Frameworks";
				PRODUCT_BUNDLE_IDENTIFIER = de.dargent.shouldiridemybike.watchkitapp.watchkitextension;
				PRODUCT_NAME = "${TARGET_NAME}";
				SDKROOT = watchos;
				SKIP_INSTALL = YES;
				TARGETED_DEVICE_FAMILY = 4;
				WATCHOS_DEPLOYMENT_TARGET = 2.2;
			};
			name = Release;
		};
		5D7F6C0F1CCD37C4005B1A6D /* Debug */ = {
			isa = XCBuildConfiguration;
			buildSettings = {
				ASSETCATALOG_COMPILER_APPICON_NAME = AppIcon;
				CODE_SIGN_IDENTITY = "iPhone Developer";
				EMBEDDED_CONTENT_CONTAINS_SWIFT = YES;
				IBSC_MODULE = shouldiridemybike_WatchKit_Extension;
				INFOPLIST_FILE = "shouldiridemybike WatchKit App/Info.plist";
				PRODUCT_BUNDLE_IDENTIFIER = de.dargent.shouldiridemybike.watchkitapp;
				PRODUCT_NAME = "$(TARGET_NAME)";
				SDKROOT = watchos;
				SKIP_INSTALL = YES;
				TARGETED_DEVICE_FAMILY = 4;
				WATCHOS_DEPLOYMENT_TARGET = 2.2;
			};
			name = Debug;
		};
		5D7F6C101CCD37C4005B1A6D /* Release */ = {
			isa = XCBuildConfiguration;
			buildSettings = {
				ASSETCATALOG_COMPILER_APPICON_NAME = AppIcon;
				CODE_SIGN_IDENTITY = "iPhone Developer";
				EMBEDDED_CONTENT_CONTAINS_SWIFT = YES;
				IBSC_MODULE = shouldiridemybike_WatchKit_Extension;
				INFOPLIST_FILE = "shouldiridemybike WatchKit App/Info.plist";
				PRODUCT_BUNDLE_IDENTIFIER = de.dargent.shouldiridemybike.watchkitapp;
				PRODUCT_NAME = "$(TARGET_NAME)";
				SDKROOT = watchos;
				SKIP_INSTALL = YES;
				TARGETED_DEVICE_FAMILY = 4;
				WATCHOS_DEPLOYMENT_TARGET = 2.2;
			};
			name = Release;
		};
		5D7F6C131CCD37C4005B1A6D /* Debug */ = {
			isa = XCBuildConfiguration;
			buildSettings = {
				ASSETCATALOG_COMPILER_APPICON_NAME = AppIcon;
				CODE_SIGN_IDENTITY = "iPhone Developer";
				INFOPLIST_FILE = shouldiridemybike/Info.plist;
				LD_RUNPATH_SEARCH_PATHS = "$(inherited) @executable_path/Frameworks";
				PRODUCT_BUNDLE_IDENTIFIER = de.dargent.shouldiridemybike;
				PRODUCT_NAME = "$(TARGET_NAME)";
			};
			name = Debug;
		};
		5D7F6C141CCD37C4005B1A6D /* Release */ = {
			isa = XCBuildConfiguration;
			buildSettings = {
				ASSETCATALOG_COMPILER_APPICON_NAME = AppIcon;
				CODE_SIGN_IDENTITY = "iPhone Developer";
				INFOPLIST_FILE = shouldiridemybike/Info.plist;
				LD_RUNPATH_SEARCH_PATHS = "$(inherited) @executable_path/Frameworks";
				PRODUCT_BUNDLE_IDENTIFIER = de.dargent.shouldiridemybike;
				PRODUCT_NAME = "$(TARGET_NAME)";
			};
			name = Release;
		};
		5D7F6C161CCD37C4005B1A6D /* Debug */ = {
			isa = XCBuildConfiguration;
			buildSettings = {
				BUNDLE_LOADER = "$(TEST_HOST)";
				INFOPLIST_FILE = shouldiridemybikeTests/Info.plist;
				LD_RUNPATH_SEARCH_PATHS = "$(inherited) @executable_path/Frameworks @loader_path/Frameworks";
				PRODUCT_BUNDLE_IDENTIFIER = de.dargent.shouldiridemybikeTests;
				PRODUCT_NAME = "$(TARGET_NAME)";
				TEST_HOST = "$(BUILT_PRODUCTS_DIR)/shouldiridemybike.app/shouldiridemybike";
			};
			name = Debug;
		};
		5D7F6C171CCD37C4005B1A6D /* Release */ = {
			isa = XCBuildConfiguration;
			buildSettings = {
				BUNDLE_LOADER = "$(TEST_HOST)";
				INFOPLIST_FILE = shouldiridemybikeTests/Info.plist;
				LD_RUNPATH_SEARCH_PATHS = "$(inherited) @executable_path/Frameworks @loader_path/Frameworks";
				PRODUCT_BUNDLE_IDENTIFIER = de.dargent.shouldiridemybikeTests;
				PRODUCT_NAME = "$(TARGET_NAME)";
				TEST_HOST = "$(BUILT_PRODUCTS_DIR)/shouldiridemybike.app/shouldiridemybike";
			};
			name = Release;
		};
		5D7F6C191CCD37C4005B1A6D /* Debug */ = {
			isa = XCBuildConfiguration;
			buildSettings = {
				INFOPLIST_FILE = shouldiridemybikeUITests/Info.plist;
				LD_RUNPATH_SEARCH_PATHS = "$(inherited) @executable_path/Frameworks @loader_path/Frameworks";
				PRODUCT_BUNDLE_IDENTIFIER = de.dargent.shouldiridemybikeUITests;
				PRODUCT_NAME = "$(TARGET_NAME)";
				TEST_TARGET_NAME = shouldiridemybike;
			};
			name = Debug;
		};
		5D7F6C1A1CCD37C4005B1A6D /* Release */ = {
			isa = XCBuildConfiguration;
			buildSettings = {
				INFOPLIST_FILE = shouldiridemybikeUITests/Info.plist;
				LD_RUNPATH_SEARCH_PATHS = "$(inherited) @executable_path/Frameworks @loader_path/Frameworks";
				PRODUCT_BUNDLE_IDENTIFIER = de.dargent.shouldiridemybikeUITests;
				PRODUCT_NAME = "$(TARGET_NAME)";
				TEST_TARGET_NAME = shouldiridemybike;
			};
			name = Release;
		};
/* End XCBuildConfiguration section */

/* Begin XCConfigurationList section */
		5D7F6BB81CCD37C3005B1A6D /* Build configuration list for PBXProject "shouldiridemybike" */ = {
			isa = XCConfigurationList;
			buildConfigurations = (
				5D7F6C081CCD37C4005B1A6D /* Debug */,
				5D7F6C091CCD37C4005B1A6D /* Release */,
			);
			defaultConfigurationIsVisible = 0;
			defaultConfigurationName = Release;
		};
		5D7F6C0A1CCD37C4005B1A6D /* Build configuration list for PBXNativeTarget "shouldiridemybike WatchKit Extension" */ = {
			isa = XCConfigurationList;
			buildConfigurations = (
				5D7F6C0B1CCD37C4005B1A6D /* Debug */,
				5D7F6C0C1CCD37C4005B1A6D /* Release */,
			);
			defaultConfigurationIsVisible = 0;
			defaultConfigurationName = Release;
		};
		5D7F6C0E1CCD37C4005B1A6D /* Build configuration list for PBXNativeTarget "shouldiridemybike WatchKit App" */ = {
			isa = XCConfigurationList;
			buildConfigurations = (
				5D7F6C0F1CCD37C4005B1A6D /* Debug */,
				5D7F6C101CCD37C4005B1A6D /* Release */,
			);
			defaultConfigurationIsVisible = 0;
			defaultConfigurationName = Release;
		};
		5D7F6C121CCD37C4005B1A6D /* Build configuration list for PBXNativeTarget "shouldiridemybike" */ = {
			isa = XCConfigurationList;
			buildConfigurations = (
				5D7F6C131CCD37C4005B1A6D /* Debug */,
				5D7F6C141CCD37C4005B1A6D /* Release */,
			);
			defaultConfigurationIsVisible = 0;
			defaultConfigurationName = Release;
		};
		5D7F6C151CCD37C4005B1A6D /* Build configuration list for PBXNativeTarget "shouldiridemybikeTests" */ = {
			isa = XCConfigurationList;
			buildConfigurations = (
				5D7F6C161CCD37C4005B1A6D /* Debug */,
				5D7F6C171CCD37C4005B1A6D /* Release */,
			);
			defaultConfigurationIsVisible = 0;
			defaultConfigurationName = Release;
		};
		5D7F6C181CCD37C4005B1A6D /* Build configuration list for PBXNativeTarget "shouldiridemybikeUITests" */ = {
			isa = XCConfigurationList;
			buildConfigurations = (
				5D7F6C191CCD37C4005B1A6D /* Debug */,
				5D7F6C1A1CCD37C4005B1A6D /* Release */,
			);
			defaultConfigurationIsVisible = 0;
			defaultConfigurationName = Release;
		};
/* End XCConfigurationList section */
	};
	rootObject = 5D7F6BB51CCD37C3005B1A6D /* Project object */;
}
